{
    "_meta": {
        "hash": {
            "sha256": "54ade5e45dd1934751269689eca2c434b8177d40a4efef41994fdc298162c78e"
        },
        "pipfile-spec": 1,
        "requires": {},
        "sources": [
            {
                "url": "https://pypi.python.org/simple",
                "verify_ssl": true
            }
        ]
    },
    "default": {
        "django": {
            "version": "==1.11.5"
        },
        "django-environ": {
            "version": "==0.4.4"
        },
        "gevent": {
            "version": "==1.2.2"
        },
        "greenlet": {
            "version": "==0.4.12"
        },
        "gunicorn": {
            "version": "==19.7.1"
        },
        "psycopg2": {
            "version": "==2.7.3.1"
        },
        "pytz": {
            "version": "==2017.2"
        },
        "six": {
            "version": "==1.10.0"
        },
        "whitenoise": {
            "version": "==3.3.0"
        }
    },
    "develop": {
        "decorator": {
            "version": "==4.1.2"
        },
        "django": {
            "version": "==1.11.5"
        },
        "django-debug-toolbar": {
            "version": "==1.8"
        },
        "ipdb": {
            "version": "==0.10.3"
        },
        "ipython": {
            "version": "==6.1.0"
        },
        "jedi": {
            "version": "==0.10.2"
        },
        "pexpect": {
            "version": "==4.2.1"
        },
        "pickleshare": {
            "version": "==0.7.4"
        },
        "prompt-toolkit": {
            "version": "==1.0.15"
        },
        "pygments": {
            "version": "==2.2.0"
        },
        "pytz": {
            "version": "==2017.2"
        },
        "simplegeneric": {
            "version": "==0.8.1"
        },
        "six": {
            "version": "==1.10.0"
        },
        "sqlparse": {
            "version": "==0.2.3"
        },
        "traitlets": {
            "version": "==4.3.2"
        },
        "wcwidth": {
            "version": "==0.1.7"
        },
        "werkzeug": {
            "version": "==0.12.2"
        }
    }
}
